
Microsoft Visual Studio Solution File, Format Version 12.00
# Visual Studio Version 17
VisualStudioVersion = 17.7.34202.233
MinimumVisualStudioVersion = 10.0.40219.1
Project("{FAE04EC0-301F-11D3-BF4B-00C04F79EFBC}") = "AnimalZoo", "AnimalZoo\AnimalZoo.csproj", "{B68E9A1C-3505-4897-9F8B-29C021F1AD82}"
EndProject
Global
	GlobalSection(SolutionConfigurationPlatforms) = preSolution
		Debug|Any CPU = Debug|Any CPU
		Release|Any CPU = Release|Any CPU
	EndGlobalSection
	GlobalSection(ProjectConfigurationPlatforms) = postSolution
		{B68E9A1C-3505-4897-9F8B-29C021F1AD82}.Debug|Any CPU.ActiveCfg = Debug|Any CPU
		{B68E9A1C-3505-4897-9F8B-29C021F1AD82}.Debug|Any CPU.Build.0 = Debug|Any CPU
		{B68E9A1C-3505-4897-9F8B-29C021F1AD82}.Release|Any CPU.ActiveCfg = Release|Any CPU
		{B68E9A1C-3505-4897-9F8B-29C021F1AD82}.Release|Any CPU.Build.0 = Release|Any CPU
	EndGlobalSection
	GlobalSection(SolutionProperties) = preSolution
		HideSolutionNode = FALSE
	EndGlobalSection
	GlobalSection(ExtensibilityGlobals) = postSolution
		SolutionGuid = {977B9A37-DABF-4F79-9AF7-5169D0D30D51}
	EndGlobalSection
EndGlobal
